// !$*UTF8*$!
{
	archiveVersion = 1;
	classes = {
	};
	objectVersion = 46;
	objects = {

/* Begin PBXBuildFile section */
		B21848711A38831E00ED832E /* main.m in Sources */ = {isa = PBXBuildFile; fileRef = B21848701A38831E00ED832E /* main.m */; };
		B21848741A38831E00ED832E /* AppDelegate.m in Sources */ = {isa = PBXBuildFile; fileRef = B21848731A38831E00ED832E /* AppDelegate.m */; };
		B21848771A38831E00ED832E /* ViewController.m in Sources */ = {isa = PBXBuildFile; fileRef = B21848761A38831E00ED832E /* ViewController.m */; };
		B218487A1A38831E00ED832E /* Main.storyboard in Resources */ = {isa = PBXBuildFile; fileRef = B21848781A38831E00ED832E /* Main.storyboard */; };
		B218487C1A38831E00ED832E /* Images.xcassets in Resources */ = {isa = PBXBuildFile; fileRef = B218487B1A38831E00ED832E /* Images.xcassets */; };
		B218487F1A38831E00ED832E /* LaunchScreen.xib in Resources */ = {isa = PBXBuildFile; fileRef = B218487D1A38831E00ED832E /* LaunchScreen.xib */; };
		B218488B1A38831E00ED832E /* FlickrSearchTests.m in Sources */ = {isa = PBXBuildFile; fileRef = B218488A1A38831E00ED832E /* FlickrSearchTests.m */; };
		B21848A81A388C3A00ED832E /* bg_cork.png in Resources */ = {isa = PBXBuildFile; fileRef = B21848941A388C3A00ED832E /* bg_cork.png */; };
		B21848A91A388C3A00ED832E /* bg_cork@2x.png in Resources */ = {isa = PBXBuildFile; fileRef = B21848951A388C3A00ED832E /* bg_cork@2x.png */; };
		B21848AA1A388C3A00ED832E /* button.png in Resources */ = {isa = PBXBuildFile; fileRef = B21848961A388C3A00ED832E /* button.png */; };
		B21848AB1A388C3A00ED832E /* button@2x.png in Resources */ = {isa = PBXBuildFile; fileRef = B21848971A388C3A00ED832E /* button@2x.png */; };
		B21848AC1A388C3A00ED832E /* decoration_snail.png in Resources */ = {isa = PBXBuildFile; fileRef = B21848981A388C3A00ED832E /* decoration_snail.png */; };
		B21848AD1A388C3A00ED832E /* decoration_snail@2x.png in Resources */ = {isa = PBXBuildFile; fileRef = B21848991A388C3A00ED832E /* decoration_snail@2x.png */; };
		B21848AE1A388C3A00ED832E /* divider_bar.png in Resources */ = {isa = PBXBuildFile; fileRef = B218489A1A388C3A00ED832E /* divider_bar.png */; };
		B21848AF1A388C3A00ED832E /* divider_bar@2x.png in Resources */ = {isa = PBXBuildFile; fileRef = B218489B1A388C3A00ED832E /* divider_bar@2x.png */; };
		B21848B01A388C3A00ED832E /* header_bg.png in Resources */ = {isa = PBXBuildFile; fileRef = B218489C1A388C3A00ED832E /* header_bg.png */; };
		B21848B11A388C3A00ED832E /* header_bg@2x.png in Resources */ = {isa = PBXBuildFile; fileRef = B218489D1A388C3A00ED832E /* header_bg@2x.png */; };
		B21848B21A388C3A00ED832E /* navbar.png in Resources */ = {isa = PBXBuildFile; fileRef = B218489E1A388C3A00ED832E /* navbar.png */; };
		B21848B31A388C3A00ED832E /* navbar@2x.png in Resources */ = {isa = PBXBuildFile; fileRef = B218489F1A388C3A00ED832E /* navbar@2x.png */; };
		B21848B41A388C3A00ED832E /* polaroid1_border.png in Resources */ = {isa = PBXBuildFile; fileRef = B21848A01A388C3A00ED832E /* polaroid1_border.png */; };
		B21848B51A388C3A00ED832E /* polaroid1_border@2x.png in Resources */ = {isa = PBXBuildFile; fileRef = B21848A11A388C3A00ED832E /* polaroid1_border@2x.png */; };
		B21848B61A388C3A00ED832E /* pushpin.png in Resources */ = {isa = PBXBuildFile; fileRef = B21848A21A388C3A00ED832E /* pushpin.png */; };
		B21848B71A388C3A00ED832E /* pushpin@2x.png in Resources */ = {isa = PBXBuildFile; fileRef = B21848A31A388C3A00ED832E /* pushpin@2x.png */; };
		B21848B81A388C3A00ED832E /* search_field.png in Resources */ = {isa = PBXBuildFile; fileRef = B21848A41A388C3A00ED832E /* search_field.png */; };
		B21848B91A388C3A00ED832E /* search_field@2x.png in Resources */ = {isa = PBXBuildFile; fileRef = B21848A51A388C3A00ED832E /* search_field@2x.png */; };
		B21848BA1A388C3A00ED832E /* search_text.png in Resources */ = {isa = PBXBuildFile; fileRef = B21848A61A388C3A00ED832E /* search_text.png */; };
		B21848BB1A388C3A00ED832E /* search_text@2x.png in Resources */ = {isa = PBXBuildFile; fileRef = B21848A71A388C3A00ED832E /* search_text@2x.png */; };
		B21848C01A38947B00ED832E /* Flickr.m in Sources */ = {isa = PBXBuildFile; fileRef = B21848BD1A38947B00ED832E /* Flickr.m */; };
		B21848C11A38947B00ED832E /* FlickrPhoto.m in Sources */ = {isa = PBXBuildFile; fileRef = B21848BF1A38947B00ED832E /* FlickrPhoto.m */; };
		B21848C41A38AE3B00ED832E /* FlickrPhotoCell.m in Sources */ = {isa = PBXBuildFile; fileRef = B21848C31A38AE3B00ED832E /* FlickrPhotoCell.m */; };
/* End PBXBuildFile section */

/* Begin PBXContainerItemProxy section */
		B21848851A38831E00ED832E /* PBXContainerItemProxy */ = {
			isa = PBXContainerItemProxy;
			containerPortal = B21848631A38831E00ED832E /* Project object */;
			proxyType = 1;
			remoteGlobalIDString = B218486A1A38831E00ED832E;
			remoteInfo = FlickrSearch;
		};
/* End PBXContainerItemProxy section */

/* Begin PBXFileReference section */
		B218486B1A38831E00ED832E /* FlickrSearch.app */ = {isa = PBXFileReference; explicitFileType = wrapper.application; includeInIndex = 0; path = FlickrSearch.app; sourceTree = BUILT_PRODUCTS_DIR; };
		B218486F1A38831E00ED832E /* Info.plist */ = {isa = PBXFileReference; lastKnownFileType = text.plist.xml; path = Info.plist; sourceTree = "<group>"; };
		B21848701A38831E00ED832E /* main.m */ = {isa = PBXFileReference; lastKnownFileType = sourcecode.c.objc; path = main.m; sourceTree = "<group>"; };
		B21848721A38831E00ED832E /* AppDelegate.h */ = {isa = PBXFileReference; lastKnownFileType = sourcecode.c.h; path = AppDelegate.h; sourceTree = "<group>"; };
		B21848731A38831E00ED832E /* AppDelegate.m */ = {isa = PBXFileReference; lastKnownFileType = sourcecode.c.objc; path = AppDelegate.m; sourceTree = "<group>"; };
		B21848751A38831E00ED832E /* ViewController.h */ = {isa = PBXFileReference; lastKnownFileType = sourcecode.c.h; path = ViewController.h; sourceTree = "<group>"; };
		B21848761A38831E00ED832E /* ViewController.m */ = {isa = PBXFileReference; lastKnownFileType = sourcecode.c.objc; path = ViewController.m; sourceTree = "<group>"; };
		B21848791A38831E00ED832E /* Base */ = {isa = PBXFileReference; lastKnownFileType = file.storyboard; name = Base; path = Base.lproj/Main.storyboard; sourceTree = "<group>"; };
		B218487B1A38831E00ED832E /* Images.xcassets */ = {isa = PBXFileReference; lastKnownFileType = folder.assetcatalog; path = Images.xcassets; sourceTree = "<group>"; };
		B218487E1A38831E00ED832E /* Base */ = {isa = PBXFileReference; lastKnownFileType = file.xib; name = Base; path = Base.lproj/LaunchScreen.xib; sourceTree = "<group>"; };
		B21848841A38831E00ED832E /* FlickrSearchTests.xctest */ = {isa = PBXFileReference; explicitFileType = wrapper.cfbundle; includeInIndex = 0; path = FlickrSearchTests.xctest; sourceTree = BUILT_PRODUCTS_DIR; };
		B21848891A38831E00ED832E /* Info.plist */ = {isa = PBXFileReference; lastKnownFileType = text.plist.xml; path = Info.plist; sourceTree = "<group>"; };
		B218488A1A38831E00ED832E /* FlickrSearchTests.m */ = {isa = PBXFileReference; lastKnownFileType = sourcecode.c.objc; path = FlickrSearchTests.m; sourceTree = "<group>"; };
		B21848941A388C3A00ED832E /* bg_cork.png */ = {isa = PBXFileReference; lastKnownFileType = image.png; path = bg_cork.png; sourceTree = "<group>"; };
		B21848951A388C3A00ED832E /* bg_cork@2x.png */ = {isa = PBXFileReference; lastKnownFileType = image.png; path = "bg_cork@2x.png"; sourceTree = "<group>"; };
		B21848961A388C3A00ED832E /* button.png */ = {isa = PBXFileReference; lastKnownFileType = image.png; path = button.png; sourceTree = "<group>"; };
		B21848971A388C3A00ED832E /* button@2x.png */ = {isa = PBXFileReference; lastKnownFileType = image.png; path = "button@2x.png"; sourceTree = "<group>"; };
		B21848981A388C3A00ED832E /* decoration_snail.png */ = {isa = PBXFileReference; lastKnownFileType = image.png; path = decoration_snail.png; sourceTree = "<group>"; };
		B21848991A388C3A00ED832E /* decoration_snail@2x.png */ = {isa = PBXFileReference; lastKnownFileType = image.png; path = "decoration_snail@2x.png"; sourceTree = "<group>"; };
		B218489A1A388C3A00ED832E /* divider_bar.png */ = {isa = PBXFileReference; lastKnownFileType = image.png; path = divider_bar.png; sourceTree = "<group>"; };
		B218489B1A388C3A00ED832E /* divider_bar@2x.png */ = {isa = PBXFileReference; lastKnownFileType = image.png; path = "divider_bar@2x.png"; sourceTree = "<group>"; };
		B218489C1A388C3A00ED832E /* header_bg.png */ = {isa = PBXFileReference; lastKnownFileType = image.png; path = header_bg.png; sourceTree = "<group>"; };
		B218489D1A388C3A00ED832E /* header_bg@2x.png */ = {isa = PBXFileReference; lastKnownFileType = image.png; path = "header_bg@2x.png"; sourceTree = "<group>"; };
		B218489E1A388C3A00ED832E /* navbar.png */ = {isa = PBXFileReference; lastKnownFileType = image.png; path = navbar.png; sourceTree = "<group>"; };
		B218489F1A388C3A00ED832E /* navbar@2x.png */ = {isa = PBXFileReference; lastKnownFileType = image.png; path = "navbar@2x.png"; sourceTree = "<group>"; };
		B21848A01A388C3A00ED832E /* polaroid1_border.png */ = {isa = PBXFileReference; lastKnownFileType = image.png; path = polaroid1_border.png; sourceTree = "<group>"; };
		B21848A11A388C3A00ED832E /* polaroid1_border@2x.png */ = {isa = PBXFileReference; lastKnownFileType = image.png; path = "polaroid1_border@2x.png"; sourceTree = "<group>"; };
		B21848A21A388C3A00ED832E /* pushpin.png */ = {isa = PBXFileReference; lastKnownFileType = image.png; path = pushpin.png; sourceTree = "<group>"; };
		B21848A31A388C3A00ED832E /* pushpin@2x.png */ = {isa = PBXFileReference; lastKnownFileType = image.png; path = "pushpin@2x.png"; sourceTree = "<group>"; };
		B21848A41A388C3A00ED832E /* search_field.png */ = {isa = PBXFileReference; lastKnownFileType = image.png; path = search_field.png; sourceTree = "<group>"; };
		B21848A51A388C3A00ED832E /* search_field@2x.png */ = {isa = PBXFileReference; lastKnownFileType = image.png; path = "search_field@2x.png"; sourceTree = "<group>"; };
		B21848A61A388C3A00ED832E /* search_text.png */ = {isa = PBXFileReference; lastKnownFileType = image.png; path = search_text.png; sourceTree = "<group>"; };
		B21848A71A388C3A00ED832E /* search_text@2x.png */ = {isa = PBXFileReference; lastKnownFileType = image.png; path = "search_text@2x.png"; sourceTree = "<group>"; };
		B21848BC1A38947B00ED832E /* Flickr.h */ = {isa = PBXFileReference; fileEncoding = 4; lastKnownFileType = sourcecode.c.h; path = Flickr.h; sourceTree = "<group>"; };
		B21848BD1A38947B00ED832E /* Flickr.m */ = {isa = PBXFileReference; fileEncoding = 4; lastKnownFileType = sourcecode.c.objc; path = Flickr.m; sourceTree = "<group>"; };
		B21848BE1A38947B00ED832E /* FlickrPhoto.h */ = {isa = PBXFileReference; fileEncoding = 4; lastKnownFileType = sourcecode.c.h; path = FlickrPhoto.h; sourceTree = "<group>"; };
		B21848BF1A38947B00ED832E /* FlickrPhoto.m */ = {isa = PBXFileReference; fileEncoding = 4; lastKnownFileType = sourcecode.c.objc; path = FlickrPhoto.m; sourceTree = "<group>"; };
		B21848C21A38AE3B00ED832E /* FlickrPhotoCell.h */ = {isa = PBXFileReference; fileEncoding = 4; lastKnownFileType = sourcecode.c.h; path = FlickrPhotoCell.h; sourceTree = "<group>"; };
		B21848C31A38AE3B00ED832E /* FlickrPhotoCell.m */ = {isa = PBXFileReference; fileEncoding = 4; lastKnownFileType = sourcecode.c.objc; path = FlickrPhotoCell.m; sourceTree = "<group>"; };
/* End PBXFileReference section */

/* Begin PBXFrameworksBuildPhase section */
		B21848681A38831E00ED832E /* Frameworks */ = {
			isa = PBXFrameworksBuildPhase;
			buildActionMask = 2147483647;
			files = (
			);
			runOnlyForDeploymentPostprocessing = 0;
		};
		B21848811A38831E00ED832E /* Frameworks */ = {
			isa = PBXFrameworksBuildPhase;
			buildActionMask = 2147483647;
			files = (
			);
			runOnlyForDeploymentPostprocessing = 0;
		};
/* End PBXFrameworksBuildPhase section */

/* Begin PBXGroup section */
		B21848621A38831E00ED832E = {
			isa = PBXGroup;
			children = (
				B218486D1A38831E00ED832E /* FlickrSearch */,
				B21848871A38831E00ED832E /* FlickrSearchTests */,
				B218486C1A38831E00ED832E /* Products */,
			);
			sourceTree = "<group>";
		};
		B218486C1A38831E00ED832E /* Products */ = {
			isa = PBXGroup;
			children = (
				B218486B1A38831E00ED832E /* FlickrSearch.app */,
				B21848841A38831E00ED832E /* FlickrSearchTests.xctest */,
			);
			name = Products;
			sourceTree = "<group>";
		};
		B218486D1A38831E00ED832E /* FlickrSearch */ = {
			isa = PBXGroup;
			children = (
				B21848721A38831E00ED832E /* AppDelegate.h */,
				B21848731A38831E00ED832E /* AppDelegate.m */,
				B21848751A38831E00ED832E /* ViewController.h */,
				B21848761A38831E00ED832E /* ViewController.m */,
				B21848C21A38AE3B00ED832E /* FlickrPhotoCell.h */,
				B21848C31A38AE3B00ED832E /* FlickrPhotoCell.m */,
				B21848BC1A38947B00ED832E /* Flickr.h */,
				B21848BD1A38947B00ED832E /* Flickr.m */,
				B21848BE1A38947B00ED832E /* FlickrPhoto.h */,
				B21848BF1A38947B00ED832E /* FlickrPhoto.m */,
				B21848781A38831E00ED832E /* Main.storyboard */,
				B218487B1A38831E00ED832E /* Images.xcassets */,
				B218487D1A38831E00ED832E /* LaunchScreen.xib */,
				B218486E1A38831E00ED832E /* Supporting Files */,
			);
			path = FlickrSearch;
			sourceTree = "<group>";
		};
		B218486E1A38831E00ED832E /* Supporting Files */ = {
			isa = PBXGroup;
			children = (
				B21848941A388C3A00ED832E /* bg_cork.png */,
				B21848951A388C3A00ED832E /* bg_cork@2x.png */,
				B21848961A388C3A00ED832E /* button.png */,
				B21848971A388C3A00ED832E /* button@2x.png */,
				B21848981A388C3A00ED832E /* decoration_snail.png */,
				B21848991A388C3A00ED832E /* decoration_snail@2x.png */,
				B218489A1A388C3A00ED832E /* divider_bar.png */,
				B218489B1A388C3A00ED832E /* divider_bar@2x.png */,
				B218489C1A388C3A00ED832E /* header_bg.png */,
				B218489D1A388C3A00ED832E /* header_bg@2x.png */,
				B218489E1A388C3A00ED832E /* navbar.png */,
				B218489F1A388C3A00ED832E /* navbar@2x.png */,
				B21848A01A388C3A00ED832E /* polaroid1_border.png */,
				B21848A11A388C3A00ED832E /* polaroid1_border@2x.png */,
				B21848A21A388C3A00ED832E /* pushpin.png */,
				B21848A31A388C3A00ED832E /* pushpin@2x.png */,
				B21848A41A388C3A00ED832E /* search_field.png */,
				B21848A51A388C3A00ED832E /* search_field@2x.png */,
				B21848A61A388C3A00ED832E /* search_text.png */,
				B21848A71A388C3A00ED832E /* search_text@2x.png */,
				B218486F1A38831E00ED832E /* Info.plist */,
				B21848701A38831E00ED832E /* main.m */,
			);
			name = "Supporting Files";
			sourceTree = "<group>";
		};
		B21848871A38831E00ED832E /* FlickrSearchTests */ = {
			isa = PBXGroup;
			children = (
				B218488A1A38831E00ED832E /* FlickrSearchTests.m */,
				B21848881A38831E00ED832E /* Supporting Files */,
			);
			path = FlickrSearchTests;
			sourceTree = "<group>";
		};
		B21848881A38831E00ED832E /* Supporting Files */ = {
			isa = PBXGroup;
			children = (
				B21848891A38831E00ED832E /* Info.plist */,
			);
			name = "Supporting Files";
			sourceTree = "<group>";
		};
/* End PBXGroup section */

/* Begin PBXNativeTarget section */
		B218486A1A38831E00ED832E /* FlickrSearch */ = {
			isa = PBXNativeTarget;
			buildConfigurationList = B218488E1A38831E00ED832E /* Build configuration list for PBXNativeTarget "FlickrSearch" */;
			buildPhases = (
				B21848671A38831E00ED832E /* Sources */,
				B21848681A38831E00ED832E /* Frameworks */,
				B21848691A38831E00ED832E /* Resources */,
			);
			buildRules = (
			);
			dependencies = (
			);
			name = FlickrSearch;
			productName = FlickrSearch;
			productReference = B218486B1A38831E00ED832E /* FlickrSearch.app */;
			productType = "com.apple.product-type.application";
		};
		B21848831A38831E00ED832E /* FlickrSearchTests */ = {
			isa = PBXNativeTarget;
			buildConfigurationList = B21848911A38831E00ED832E /* Build configuration list for PBXNativeTarget "FlickrSearchTests" */;
			buildPhases = (
				B21848801A38831E00ED832E /* Sources */,
				B21848811A38831E00ED832E /* Frameworks */,
				B21848821A38831E00ED832E /* Resources */,
			);
			buildRules = (
			);
			dependencies = (
				B21848861A38831E00ED832E /* PBXTargetDependency */,
			);
			name = FlickrSearchTests;
			productName = FlickrSearchTests;
			productReference = B21848841A38831E00ED832E /* FlickrSearchTests.xctest */;
			productType = "com.apple.product-type.bundle.unit-test";
		};
/* End PBXNativeTarget section */

/* Begin PBXProject section */
		B21848631A38831E00ED832E /* Project object */ = {
			isa = PBXProject;
			attributes = {
				LastUpgradeCheck = 0610;
				ORGANIZATIONNAME = fix;
				TargetAttributes = {
					B218486A1A38831E00ED832E = {
						CreatedOnToolsVersion = 6.1;
					};
					B21848831A38831E00ED832E = {
						CreatedOnToolsVersion = 6.1;
						TestTargetID = B218486A1A38831E00ED832E;
					};
				};
			};
			buildConfigurationList = B21848661A38831E00ED832E /* Build configuration list for PBXProject "FlickrSearch" */;
			compatibilityVersion = "Xcode 3.2";
			developmentRegion = English;
			hasScannedForEncodings = 0;
			knownRegions = (
				en,
				Base,
			);
			mainGroup = B21848621A38831E00ED832E;
			productRefGroup = B218486C1A38831E00ED832E /* Products */;
			projectDirPath = "";
			projectRoot = "";
			targets = (
				B218486A1A38831E00ED832E /* FlickrSearch */,
				B21848831A38831E00ED832E /* FlickrSearchTests */,
			);
		};
/* End PBXProject section */

/* Begin PBXResourcesBuildPhase section */
		B21848691A38831E00ED832E /* Resources */ = {
			isa = PBXResourcesBuildPhase;
			buildActionMask = 2147483647;
			files = (
				B218487A1A38831E00ED832E /* Main.storyboard in Resources */,
				B21848AA1A388C3A00ED832E /* button.png in Resources */,
				B21848AD1A388C3A00ED832E /* decoration_snail@2x.png in Resources */,
				B21848A81A388C3A00ED832E /* bg_cork.png in Resources */,
				B21848A91A388C3A00ED832E /* bg_cork@2x.png in Resources */,
				B21848B91A388C3A00ED832E /* search_field@2x.png in Resources */,
				B21848B21A388C3A00ED832E /* navbar.png in Resources */,
				B218487F1A38831E00ED832E /* LaunchScreen.xib in Resources */,
				B21848AF1A388C3A00ED832E /* divider_bar@2x.png in Resources */,
				B21848AC1A388C3A00ED832E /* decoration_snail.png in Resources */,
				B21848AE1A388C3A00ED832E /* divider_bar.png in Resources */,
				B21848B51A388C3A00ED832E /* polaroid1_border@2x.png in Resources */,
				B21848BA1A388C3A00ED832E /* search_text.png in Resources */,
				B21848B11A388C3A00ED832E /* header_bg@2x.png in Resources */,
				B21848B81A388C3A00ED832E /* search_field.png in Resources */,
				B21848B01A388C3A00ED832E /* header_bg.png in Resources */,
				B21848B61A388C3A00ED832E /* pushpin.png in Resources */,
				B21848B71A388C3A00ED832E /* pushpin@2x.png in Resources */,
				B21848AB1A388C3A00ED832E /* button@2x.png in Resources */,
				B218487C1A38831E00ED832E /* Images.xcassets in Resources */,
				B21848B31A388C3A00ED832E /* navbar@2x.png in Resources */,
				B21848BB1A388C3A00ED832E /* search_text@2x.png in Resources */,
				B21848B41A388C3A00ED832E /* polaroid1_border.png in Resources */,
			);
			runOnlyForDeploymentPostprocessing = 0;
		};
		B21848821A38831E00ED832E /* Resources */ = {
			isa = PBXResourcesBuildPhase;
			buildActionMask = 2147483647;
			files = (
			);
			runOnlyForDeploymentPostprocessing = 0;
		};
/* End PBXResourcesBuildPhase section */

/* Begin PBXSourcesBuildPhase section */
		B21848671A38831E00ED832E /* Sources */ = {
			isa = PBXSourcesBuildPhase;
			buildActionMask = 2147483647;
			files = (
				B21848771A38831E00ED832E /* ViewController.m in Sources */,
				B21848C41A38AE3B00ED832E /* FlickrPhotoCell.m in Sources */,
				B21848741A38831E00ED832E /* AppDelegate.m in Sources */,
				B21848C01A38947B00ED832E /* Flickr.m in Sources */,
				B21848C11A38947B00ED832E /* FlickrPhoto.m in Sources */,
				B21848711A38831E00ED832E /* main.m in Sources */,
			);
			runOnlyForDeploymentPostprocessing = 0;
		};
		B21848801A38831E00ED832E /* Sources */ = {
			isa = PBXSourcesBuildPhase;
			buildActionMask = 2147483647;
			files = (
				B218488B1A38831E00ED832E /* FlickrSearchTests.m in Sources */,
			);
			runOnlyForDeploymentPostprocessing = 0;
		};
/* End PBXSourcesBuildPhase section */

/* Begin PBXTargetDependency section */
		B21848861A38831E00ED832E /* PBXTargetDependency */ = {
			isa = PBXTargetDependency;
			target = B218486A1A38831E00ED832E /* FlickrSearch */;
			targetProxy = B21848851A38831E00ED832E /* PBXContainerItemProxy */;
		};
/* End PBXTargetDependency section */

/* Begin PBXVariantGroup section */
		B21848781A38831E00ED832E /* Main.storyboard */ = {
			isa = PBXVariantGroup;
			children = (
				B21848791A38831E00ED832E /* Base */,
			);
			name = Main.storyboard;
			sourceTree = "<group>";
		};
		B218487D1A38831E00ED832E /* LaunchScreen.xib */ = {
			isa = PBXVariantGroup;
			children = (
				B218487E1A38831E00ED832E /* Base */,
			);
			name = LaunchScreen.xib;
			sourceTree = "<group>";
		};
/* End PBXVariantGroup section */

/* Begin XCBuildConfiguration section */
		B218488C1A38831E00ED832E /* Debug */ = {
			isa = XCBuildConfiguration;
			buildSettings = {
				ALWAYS_SEARCH_USER_PATHS = NO;
				CLANG_CXX_LANGUAGE_STANDARD = "gnu++0x";
				CLANG_CXX_LIBRARY = "libc++";
				CLANG_ENABLE_MODULES = YES;
				CLANG_ENABLE_OBJC_ARC = YES;
				CLANG_WARN_BOOL_CONVERSION = YES;
				CLANG_WARN_CONSTANT_CONVERSION = YES;
				CLANG_WARN_DIRECT_OBJC_ISA_USAGE = YES_ERROR;
				CLANG_WARN_EMPTY_BODY = YES;
				CLANG_WARN_ENUM_CONVERSION = YES;
				CLANG_WARN_INT_CONVERSION = YES;
				CLANG_WARN_OBJC_ROOT_CLASS = YES_ERROR;
				CLANG_WARN_UNREACHABLE_CODE = YES;
				CLANG_WARN__DUPLICATE_METHOD_MATCH = YES;
				"CODE_SIGN_IDENTITY[sdk=iphoneos*]" = "iPhone Developer";
				COPY_PHASE_STRIP = NO;
				ENABLE_STRICT_OBJC_MSGSEND = YES;
				GCC_C_LANGUAGE_STANDARD = gnu99;
				GCC_DYNAMIC_NO_PIC = NO;
				GCC_OPTIMIZATION_LEVEL = 0;
				GCC_PREPROCESSOR_DEFINITIONS = (
					"DEBUG=1",
					"$(inherited)",
				);
				GCC_SYMBOLS_PRIVATE_EXTERN = NO;
				GCC_WARN_64_TO_32_BIT_CONVERSION = YES;
				GCC_WARN_ABOUT_RETURN_TYPE = YES_ERROR;
				GCC_WARN_UNDECLARED_SELECTOR = YES;
				GCC_WARN_UNINITIALIZED_AUTOS = YES_AGGRESSIVE;
				GCC_WARN_UNUSED_FUNCTION = YES;
				GCC_WARN_UNUSED_VARIABLE = YES;
				IPHONEOS_DEPLOYMENT_TARGET = 8.1;
				MTL_ENABLE_DEBUG_INFO = YES;
				ONLY_ACTIVE_ARCH = YES;
				SDKROOT = iphoneos;
			};
			name = Debug;
		};
		B218488D1A38831E00ED832E /* Release */ = {
			isa = XCBuildConfiguration;
			buildSettings = {
				ALWAYS_SEARCH_USER_PATHS = NO;
				CLANG_CXX_LANGUAGE_STANDARD = "gnu++0x";
				CLANG_CXX_LIBRARY = "libc++";
				CLANG_ENABLE_MODULES = YES;
				CLANG_ENABLE_OBJC_ARC = YES;
				CLANG_WARN_BOOL_CONVERSION = YES;
				CLANG_WARN_CONSTANT_CONVERSION = YES;
				CLANG_WARN_DIRECT_OBJC_ISA_USAGE = YES_ERROR;
				CLANG_WARN_EMPTY_BODY = YES;
				CLANG_WARN_ENUM_CONVERSION = YES;
				CLANG_WARN_INT_CONVERSION = YES;
				CLANG_WARN_OBJC_ROOT_CLASS = YES_ERROR;
				CLANG_WARN_UNREACHABLE_CODE = YES;
				CLANG_WARN__DUPLICATE_METHOD_MATCH = YES;
				"CODE_SIGN_IDENTITY[sdk=iphoneos*]" = "iPhone Developer";
				COPY_PHASE_STRIP = YES;
				ENABLE_NS_ASSERTIONS = NO;
				ENABLE_STRICT_OBJC_MSGSEND = YES;
				GCC_C_LANGUAGE_STANDARD = gnu99;
				GCC_WARN_64_TO_32_BIT_CONVERSION = YES;
				GCC_WARN_ABOUT_RETURN_TYPE = YES_ERROR;
				GCC_WARN_UNDECLARED_SELECTOR = YES;
				GCC_WARN_UNINITIALIZED_AUTOS = YES_AGGRESSIVE;
				GCC_WARN_UNUSED_FUNCTION = YES;
				GCC_WARN_UNUSED_VARIABLE = YES;
				IPHONEOS_DEPLOYMENT_TARGET = 8.1;
				MTL_ENABLE_DEBUG_INFO = NO;
				SDKROOT = iphoneos;
				VALIDATE_PRODUCT = YES;
			};
			name = Release;
		};
		B218488F1A38831E00ED832E /* Debug */ = {
			isa = XCBuildConfiguration;
			buildSettings = {
				ASSETCATALOG_COMPILER_APPICON_NAME = AppIcon;
				INFOPLIST_FILE = FlickrSearch/Info.plist;
				IPHONEOS_DEPLOYMENT_TARGET = 7.1;
				LD_RUNPATH_SEARCH_PATHS = "$(inherited) @executable_path/Frameworks";
				PRODUCT_NAME = "$(TARGET_NAME)";
			};
			name = Debug;
		};
		B21848901A38831E00ED832E /* Release */ = {
			isa = XCBuildConfiguration;
			buildSettings = {
				ASSETCATALOG_COMPILER_APPICON_NAME = AppIcon;
				INFOPLIST_FILE = FlickrSearch/Info.plist;
				IPHONEOS_DEPLOYMENT_TARGET = 7.1;
				LD_RUNPATH_SEARCH_PATHS = "$(inherited) @executable_path/Frameworks";
				PRODUCT_NAME = "$(TARGET_NAME)";
			};
			name = Release;
		};
		B21848921A38831E00ED832E /* Debug */ = {
			isa = XCBuildConfiguration;
			buildSettings = {
				BUNDLE_LOADER = "$(TEST_HOST)";
				FRAMEWORK_SEARCH_PATHS = (
					"$(SDKROOT)/Developer/Library/Frameworks",
					"$(inherited)",
				);
				GCC_PREPROCESSOR_DEFINITIONS = (
					"DEBUG=1",
					"$(inherited)",
				);
				INFOPLIST_FILE = FlickrSearchTests/Info.plist;
				LD_RUNPATH_SEARCH_PATHS = "$(inherited) @executable_path/Frameworks @loader_path/Frameworks";
				PRODUCT_NAME = "$(TARGET_NAME)";
				TEST_HOST = "$(BUILT_PRODUCTS_DIR)/FlickrSearch.app/FlickrSearch";
			};
			name = Debug;
		};
		B21848931A38831E00ED832E /* Release */ = {
			isa = XCBuildConfiguration;
			buildSettings = {
				BUNDLE_LOADER = "$(TEST_HOST)";
				FRAMEWORK_SEARCH_PATHS = (
					"$(SDKROOT)/Developer/Library/Frameworks",
					"$(inherited)",
				);
				INFOPLIST_FILE = FlickrSearchTests/Info.plist;
				LD_RUNPATH_SEARCH_PATHS = "$(inherited) @executable_path/Frameworks @loader_path/Frameworks";
				PRODUCT_NAME = "$(TARGET_NAME)";
				TEST_HOST = "$(BUILT_PRODUCTS_DIR)/FlickrSearch.app/FlickrSearch";
			};
			name = Release;
		};
/* End XCBuildConfiguration section */

/* Begin XCConfigurationList section */
		B21848661A38831E00ED832E /* Build configuration list for PBXProject "FlickrSearch" */ = {
			isa = XCConfigurationList;
			buildConfigurations = (
				B218488C1A38831E00ED832E /* Debug */,
				B218488D1A38831E00ED832E /* Release */,
			);
			defaultConfigurationIsVisible = 0;
			defaultConfigurationName = Release;
		};
		B218488E1A38831E00ED832E /* Build configuration list for PBXNativeTarget "FlickrSearch" */ = {
			isa = XCConfigurationList;
			buildConfigurations = (
				B218488F1A38831E00ED832E /* Debug */,
				B21848901A38831E00ED832E /* Release */,
			);
			defaultConfigurationIsVisible = 0;
		};
		B21848911A38831E00ED832E /* Build configuration list for PBXNativeTarget "FlickrSearchTests" */ = {
			isa = XCConfigurationList;
			buildConfigurations = (
				B21848921A38831E00ED832E /* Debug */,
				B21848931A38831E00ED832E /* Release */,
			);
			defaultConfigurationIsVisible = 0;
		};
/* End XCConfigurationList section */
	};
	rootObject = B21848631A38831E00ED832E /* Project object */;
}
